
Microsoft Visual Studio Solution File, Format Version 12.00
# Visual Studio Version 17
VisualStudioVersion = 17.10.34916.146
MinimumVisualStudioVersion = 10.0.40219.1
Project("{9A19103F-16F7-4668-BE54-9A1E7A4F7556}") = "SistemaDoc.Client", "SistemaDoc.Client\SistemaDoc.Client.csproj", "{7853690B-66A5-478D-8BDB-39CD09463145}"
EndProject
Project("{9A19103F-16F7-4668-BE54-9A1E7A4F7556}") = "SistemaDoc.Shared", "SistemaDoc.Shared\SistemaDoc.Shared.csproj", "{67B300E0-66C8-421B-83F3-7F94AD48842D}"
EndProject
Project("{9A19103F-16F7-4668-BE54-9A1E7A4F7556}") = "SistemaDoc.Server", "SistemaDoc.Server\SistemaDoc.Server.csproj", "{ABBDF3A3-BF96-4F1F-9E0C-0C9C6E30AD24}"
EndProject
Global
	GlobalSection(SolutionConfigurationPlatforms) = preSolution
		Debug|Any CPU = Debug|Any CPU
		Release|Any CPU = Release|Any CPU
	EndGlobalSection
	GlobalSection(ProjectConfigurationPlatforms) = postSolution
		{7853690B-66A5-478D-8BDB-39CD09463145}.Debug|Any CPU.ActiveCfg = Debug|Any CPU
		{7853690B-66A5-478D-8BDB-39CD09463145}.Debug|Any CPU.Build.0 = Debug|Any CPU
		{7853690B-66A5-478D-8BDB-39CD09463145}.Release|Any CPU.ActiveCfg = Release|Any CPU
		{7853690B-66A5-478D-8BDB-39CD09463145}.Release|Any CPU.Build.0 = Release|Any CPU
		{67B300E0-66C8-421B-83F3-7F94AD48842D}.Debug|Any CPU.ActiveCfg = Debug|Any CPU
		{67B300E0-66C8-421B-83F3-7F94AD48842D}.Debug|Any CPU.Build.0 = Debug|Any CPU
		{67B300E0-66C8-421B-83F3-7F94AD48842D}.Release|Any CPU.ActiveCfg = Release|Any CPU
		{67B300E0-66C8-421B-83F3-7F94AD48842D}.Release|Any CPU.Build.0 = Release|Any CPU
		{ABBDF3A3-BF96-4F1F-9E0C-0C9C6E30AD24}.Debug|Any CPU.ActiveCfg = Debug|Any CPU
		{ABBDF3A3-BF96-4F1F-9E0C-0C9C6E30AD24}.Debug|Any CPU.Build.0 = Debug|Any CPU
		{ABBDF3A3-BF96-4F1F-9E0C-0C9C6E30AD24}.Release|Any CPU.ActiveCfg = Release|Any CPU
		{ABBDF3A3-BF96-4F1F-9E0C-0C9C6E30AD24}.Release|Any CPU.Build.0 = Release|Any CPU
	EndGlobalSection
	GlobalSection(SolutionProperties) = preSolution
		HideSolutionNode = FALSE
	EndGlobalSection
	GlobalSection(ExtensibilityGlobals) = postSolution
		SolutionGuid = {5437F26B-5A80-43CD-A600-58D7C9D2E094}
	EndGlobalSection
EndGlobal
